
Microsoft Visual Studio Solution File, Format Version 12.00
# Visual Studio 15
VisualStudioVersion = 15.0.28307.329
MinimumVisualStudioVersion = 10.0.40219.1
Project("{FAE04EC0-301F-11D3-BF4B-00C04F79EFBC}") = "WinForms", "WinForms\WinForms.csproj", "{59A5F16D-CE52-4352-8B99-F971421037B5}"
EndProject
Project("{FAE04EC0-301F-11D3-BF4B-00C04F79EFBC}") = "WPF", "WPF\WPF.csproj", "{2C07570B-190F-441F-AE2C-9389E2E9A917}"
EndProject
Global
	GlobalSection(SolutionConfigurationPlatforms) = preSolution
		Debug|Any CPU = Debug|Any CPU
		Release|Any CPU = Release|Any CPU
	EndGlobalSection
	GlobalSection(ProjectConfigurationPlatforms) = postSolution
		{59A5F16D-CE52-4352-8B99-F971421037B5}.Debug|Any CPU.ActiveCfg = Debug|Any CPU
		{59A5F16D-CE52-4352-8B99-F971421037B5}.Debug|Any CPU.Build.0 = Debug|Any CPU
		{59A5F16D-CE52-4352-8B99-F971421037B5}.Release|Any CPU.ActiveCfg = Release|Any CPU
		{59A5F16D-CE52-4352-8B99-F971421037B5}.Release|Any CPU.Build.0 = Release|Any CPU
		{2C07570B-190F-441F-AE2C-9389E2E9A917}.Debug|Any CPU.ActiveCfg = Debug|Any CPU
		{2C07570B-190F-441F-AE2C-9389E2E9A917}.Debug|Any CPU.Build.0 = Debug|Any CPU
		{2C07570B-190F-441F-AE2C-9389E2E9A917}.Release|Any CPU.ActiveCfg = Release|Any CPU
		{2C07570B-190F-441F-AE2C-9389E2E9A917}.Release|Any CPU.Build.0 = Release|Any CPU
	EndGlobalSection
	GlobalSection(SolutionProperties) = preSolution
		HideSolutionNode = FALSE
	EndGlobalSection
	GlobalSection(ExtensibilityGlobals) = postSolution
		SolutionGuid = {6A4FE4E4-1A87-4B8C-8AAA-D6086663D000}
	EndGlobalSection
EndGlobal
